// !$*UTF8*$!
{
	archiveVersion = 1;
	classes = {
	};
	objectVersion = 48;
	objects = {

/* Begin PBXBuildFile section */
		8CEB35D71F90588000A8E447 /* AppDelegate.m in Sources */ = {isa = PBXBuildFile; fileRef = 8CEB35D61F90588000A8E447 /* AppDelegate.m */; };
		8CEB35DF1F90588000A8E447 /* Assets.xcassets in Resources */ = {isa = PBXBuildFile; fileRef = 8CEB35DE1F90588000A8E447 /* Assets.xcassets */; };
		8CEB35E21F90588000A8E447 /* LaunchScreen.storyboard in Resources */ = {isa = PBXBuildFile; fileRef = 8CEB35E01F90588000A8E447 /* LaunchScreen.storyboard */; };
		8CEB35E51F90588000A8E447 /* main.m in Sources */ = {isa = PBXBuildFile; fileRef = 8CEB35E41F90588000A8E447 /* main.m */; };
		8CEB35EF1F90588000A8E447 /* LBPreviewImageDemoTests.m in Sources */ = {isa = PBXBuildFile; fileRef = 8CEB35EE1F90588000A8E447 /* LBPreviewImageDemoTests.m */; };
		8CEB35FA1F90588000A8E447 /* LBPreviewImageDemoUITests.m in Sources */ = {isa = PBXBuildFile; fileRef = 8CEB35F91F90588000A8E447 /* LBPreviewImageDemoUITests.m */; };
		8CEB360B1F9065B800A8E447 /* PreviewImageViewController.m in Sources */ = {isa = PBXBuildFile; fileRef = 8CEB360A1F9062BD00A8E447 /* PreviewImageViewController.m */; };
		8CEB36111F9067CD00A8E447 /* UIView+Category.m in Sources */ = {isa = PBXBuildFile; fileRef = 8CEB36101F9067CD00A8E447 /* UIView+Category.m */; };
		8CEB36131F906AAC00A8E447 /* 刘楚恬3.jpg in Resources */ = {isa = PBXBuildFile; fileRef = 8CEB36121F906A2600A8E447 /* 刘楚恬3.jpg */; };
		8CEB36161F906D1900A8E447 /* DemoViewController.m in Sources */ = {isa = PBXBuildFile; fileRef = 8CEB36151F906D1900A8E447 /* DemoViewController.m */; };
/* End PBXBuildFile section */

/* Begin PBXContainerItemProxy section */
		8CEB35EB1F90588000A8E447 /* PBXContainerItemProxy */ = {
			isa = PBXContainerItemProxy;
			containerPortal = 8CEB35CA1F90588000A8E447 /* Project object */;
			proxyType = 1;
			remoteGlobalIDString = 8CEB35D11F90588000A8E447;
			remoteInfo = LBPreviewImageDemo;
		};
		8CEB35F61F90588000A8E447 /* PBXContainerItemProxy */ = {
			isa = PBXContainerItemProxy;
			containerPortal = 8CEB35CA1F90588000A8E447 /* Project object */;
			proxyType = 1;
			remoteGlobalIDString = 8CEB35D11F90588000A8E447;
			remoteInfo = LBPreviewImageDemo;
		};
/* End PBXContainerItemProxy section */

/* Begin PBXFileReference section */
		8CEB35D21F90588000A8E447 /* LBPreviewImageDemo.app */ = {isa = PBXFileReference; explicitFileType = wrapper.application; includeInIndex = 0; path = LBPreviewImageDemo.app; sourceTree = BUILT_PRODUCTS_DIR; };
		8CEB35D51F90588000A8E447 /* AppDelegate.h */ = {isa = PBXFileReference; lastKnownFileType = sourcecode.c.h; path = AppDelegate.h; sourceTree = "<group>"; };
		8CEB35D61F90588000A8E447 /* AppDelegate.m */ = {isa = PBXFileReference; lastKnownFileType = sourcecode.c.objc; path = AppDelegate.m; sourceTree = "<group>"; };
		8CEB35DE1F90588000A8E447 /* Assets.xcassets */ = {isa = PBXFileReference; lastKnownFileType = folder.assetcatalog; path = Assets.xcassets; sourceTree = "<group>"; };
		8CEB35E11F90588000A8E447 /* Base */ = {isa = PBXFileReference; lastKnownFileType = file.storyboard; name = Base; path = Base.lproj/LaunchScreen.storyboard; sourceTree = "<group>"; };
		8CEB35E31F90588000A8E447 /* Info.plist */ = {isa = PBXFileReference; lastKnownFileType = text.plist.xml; path = Info.plist; sourceTree = "<group>"; };
		8CEB35E41F90588000A8E447 /* main.m */ = {isa = PBXFileReference; lastKnownFileType = sourcecode.c.objc; path = main.m; sourceTree = "<group>"; };
		8CEB35EA1F90588000A8E447 /* LBPreviewImageDemoTests.xctest */ = {isa = PBXFileReference; explicitFileType = wrapper.cfbundle; includeInIndex = 0; path = LBPreviewImageDemoTests.xctest; sourceTree = BUILT_PRODUCTS_DIR; };
		8CEB35EE1F90588000A8E447 /* LBPreviewImageDemoTests.m */ = {isa = PBXFileReference; lastKnownFileType = sourcecode.c.objc; path = LBPreviewImageDemoTests.m; sourceTree = "<group>"; };
		8CEB35F01F90588000A8E447 /* Info.plist */ = {isa = PBXFileReference; lastKnownFileType = text.plist.xml; path = Info.plist; sourceTree = "<group>"; };
		8CEB35F51F90588000A8E447 /* LBPreviewImageDemoUITests.xctest */ = {isa = PBXFileReference; explicitFileType = wrapper.cfbundle; includeInIndex = 0; path = LBPreviewImageDemoUITests.xctest; sourceTree = BUILT_PRODUCTS_DIR; };
		8CEB35F91F90588000A8E447 /* LBPreviewImageDemoUITests.m */ = {isa = PBXFileReference; lastKnownFileType = sourcecode.c.objc; path = LBPreviewImageDemoUITests.m; sourceTree = "<group>"; };
		8CEB35FB1F90588000A8E447 /* Info.plist */ = {isa = PBXFileReference; lastKnownFileType = text.plist.xml; path = Info.plist; sourceTree = "<group>"; };
		8CEB36091F9062BD00A8E447 /* PreviewImageViewController.h */ = {isa = PBXFileReference; lastKnownFileType = sourcecode.c.h; path = PreviewImageViewController.h; sourceTree = "<group>"; };
		8CEB360A1F9062BD00A8E447 /* PreviewImageViewController.m */ = {isa = PBXFileReference; lastKnownFileType = sourcecode.c.objc; path = PreviewImageViewController.m; sourceTree = "<group>"; };
		8CEB360D1F9065F400A8E447 /* UINavigationController+FDFullscreenPopGesture.h */ = {isa = PBXFileReference; lastKnownFileType = sourcecode.c.h; path = "UINavigationController+FDFullscreenPopGesture.h"; sourceTree = "<group>"; };
		8CEB360E1F9065F400A8E447 /* UINavigationController+FDFullscreenPopGesture.m */ = {isa = PBXFileReference; lastKnownFileType = sourcecode.c.objc; path = "UINavigationController+FDFullscreenPopGesture.m"; sourceTree = "<group>"; };
		8CEB360F1F9067CD00A8E447 /* UIView+Category.h */ = {isa = PBXFileReference; lastKnownFileType = sourcecode.c.h; path = "UIView+Category.h"; sourceTree = "<group>"; };
		8CEB36101F9067CD00A8E447 /* UIView+Category.m */ = {isa = PBXFileReference; lastKnownFileType = sourcecode.c.objc; path = "UIView+Category.m"; sourceTree = "<group>"; };
		8CEB36121F906A2600A8E447 /* 刘楚恬3.jpg */ = {isa = PBXFileReference; lastKnownFileType = image.jpeg; path = "刘楚恬3.jpg"; sourceTree = "<group>"; };
		8CEB36141F906D1900A8E447 /* DemoViewController.h */ = {isa = PBXFileReference; lastKnownFileType = sourcecode.c.h; path = DemoViewController.h; sourceTree = "<group>"; };
		8CEB36151F906D1900A8E447 /* DemoViewController.m */ = {isa = PBXFileReference; lastKnownFileType = sourcecode.c.objc; path = DemoViewController.m; sourceTree = "<group>"; };
/* End PBXFileReference section */

/* Begin PBXFrameworksBuildPhase section */
		8CEB35CF1F90588000A8E447 /* Frameworks */ = {
			isa = PBXFrameworksBuildPhase;
			buildActionMask = 2147483647;
			files = (
			);
			runOnlyForDeploymentPostprocessing = 0;
		};
		8CEB35E71F90588000A8E447 /* Frameworks */ = {
			isa = PBXFrameworksBuildPhase;
			buildActionMask = 2147483647;
			files = (
			);
			runOnlyForDeploymentPostprocessing = 0;
		};
		8CEB35F21F90588000A8E447 /* Frameworks */ = {
			isa = PBXFrameworksBuildPhase;
			buildActionMask = 2147483647;
			files = (
			);
			runOnlyForDeploymentPostprocessing = 0;
		};
/* End PBXFrameworksBuildPhase section */

/* Begin PBXGroup section */
		8CEB35C91F90588000A8E447 = {
			isa = PBXGroup;
			children = (
				8CEB35D41F90588000A8E447 /* LBPreviewImageDemo */,
				8CEB35ED1F90588000A8E447 /* LBPreviewImageDemoTests */,
				8CEB35F81F90588000A8E447 /* LBPreviewImageDemoUITests */,
				8CEB35D31F90588000A8E447 /* Products */,
			);
			sourceTree = "<group>";
		};
		8CEB35D31F90588000A8E447 /* Products */ = {
			isa = PBXGroup;
			children = (
				8CEB35D21F90588000A8E447 /* LBPreviewImageDemo.app */,
				8CEB35EA1F90588000A8E447 /* LBPreviewImageDemoTests.xctest */,
				8CEB35F51F90588000A8E447 /* LBPreviewImageDemoUITests.xctest */,
			);
			name = Products;
			sourceTree = "<group>";
		};
		8CEB35D41F90588000A8E447 /* LBPreviewImageDemo */ = {
			isa = PBXGroup;
			children = (
				8CEB36121F906A2600A8E447 /* 刘楚恬3.jpg */,
				8CEB35D51F90588000A8E447 /* AppDelegate.h */,
				8CEB35D61F90588000A8E447 /* AppDelegate.m */,
				8CEB36141F906D1900A8E447 /* DemoViewController.h */,
				8CEB36151F906D1900A8E447 /* DemoViewController.m */,
				8CEB36081F9062BD00A8E447 /* PreviewImageVC */,
				8CEB35DE1F90588000A8E447 /* Assets.xcassets */,
				8CEB35E01F90588000A8E447 /* LaunchScreen.storyboard */,
				8CEB35E31F90588000A8E447 /* Info.plist */,
				8CEB35E41F90588000A8E447 /* main.m */,
			);
			path = LBPreviewImageDemo;
			sourceTree = "<group>";
		};
		8CEB35ED1F90588000A8E447 /* LBPreviewImageDemoTests */ = {
			isa = PBXGroup;
			children = (
				8CEB35EE1F90588000A8E447 /* LBPreviewImageDemoTests.m */,
				8CEB35F01F90588000A8E447 /* Info.plist */,
			);
			path = LBPreviewImageDemoTests;
			sourceTree = "<group>";
		};
		8CEB35F81F90588000A8E447 /* LBPreviewImageDemoUITests */ = {
			isa = PBXGroup;
			children = (
				8CEB35F91F90588000A8E447 /* LBPreviewImageDemoUITests.m */,
				8CEB35FB1F90588000A8E447 /* Info.plist */,
			);
			path = LBPreviewImageDemoUITests;
			sourceTree = "<group>";
		};
		8CEB36081F9062BD00A8E447 /* PreviewImageVC */ = {
			isa = PBXGroup;
			children = (
				8CEB360F1F9067CD00A8E447 /* UIView+Category.h */,
				8CEB36101F9067CD00A8E447 /* UIView+Category.m */,
				8CEB360C1F9065F400A8E447 /* FDFullscreenPopGesture */,
				8CEB36091F9062BD00A8E447 /* PreviewImageViewController.h */,
				8CEB360A1F9062BD00A8E447 /* PreviewImageViewController.m */,
			);
			path = PreviewImageVC;
			sourceTree = "<group>";
		};
		8CEB360C1F9065F400A8E447 /* FDFullscreenPopGesture */ = {
			isa = PBXGroup;
			children = (
				8CEB360D1F9065F400A8E447 /* UINavigationController+FDFullscreenPopGesture.h */,
				8CEB360E1F9065F400A8E447 /* UINavigationController+FDFullscreenPopGesture.m */,
			);
			path = FDFullscreenPopGesture;
			sourceTree = "<group>";
		};
/* End PBXGroup section */

/* Begin PBXNativeTarget section */
		8CEB35D11F90588000A8E447 /* LBPreviewImageDemo */ = {
			isa = PBXNativeTarget;
			buildConfigurationList = 8CEB35FE1F90588000A8E447 /* Build configuration list for PBXNativeTarget "LBPreviewImageDemo" */;
			buildPhases = (
				8CEB35CE1F90588000A8E447 /* Sources */,
				8CEB35CF1F90588000A8E447 /* Frameworks */,
				8CEB35D01F90588000A8E447 /* Resources */,
			);
			buildRules = (
			);
			dependencies = (
			);
			name = LBPreviewImageDemo;
			productName = LBPreviewImageDemo;
			productReference = 8CEB35D21F90588000A8E447 /* LBPreviewImageDemo.app */;
			productType = "com.apple.product-type.application";
		};
		8CEB35E91F90588000A8E447 /* LBPreviewImageDemoTests */ = {
			isa = PBXNativeTarget;
			buildConfigurationList = 8CEB36011F90588000A8E447 /* Build configuration list for PBXNativeTarget "LBPreviewImageDemoTests" */;
			buildPhases = (
				8CEB35E61F90588000A8E447 /* Sources */,
				8CEB35E71F90588000A8E447 /* Frameworks */,
				8CEB35E81F90588000A8E447 /* Resources */,
			);
			buildRules = (
			);
			dependencies = (
				8CEB35EC1F90588000A8E447 /* PBXTargetDependency */,
			);
			name = LBPreviewImageDemoTests;
			productName = LBPreviewImageDemoTests;
			productReference = 8CEB35EA1F90588000A8E447 /* LBPreviewImageDemoTests.xctest */;
			productType = "com.apple.product-type.bundle.unit-test";
		};
		8CEB35F41F90588000A8E447 /* LBPreviewImageDemoUITests */ = {
			isa = PBXNativeTarget;
			buildConfigurationList = 8CEB36041F90588000A8E447 /* Build configuration list for PBXNativeTarget "LBPreviewImageDemoUITests" */;
			buildPhases = (
				8CEB35F11F90588000A8E447 /* Sources */,
				8CEB35F21F90588000A8E447 /* Frameworks */,
				8CEB35F31F90588000A8E447 /* Resources */,
			);
			buildRules = (
			);
			dependencies = (
				8CEB35F71F90588000A8E447 /* PBXTargetDependency */,
			);
			name = LBPreviewImageDemoUITests;
			productName = LBPreviewImageDemoUITests;
			productReference = 8CEB35F51F90588000A8E447 /* LBPreviewImageDemoUITests.xctest */;
			productType = "com.apple.product-type.bundle.ui-testing";
		};
/* End PBXNativeTarget section */

/* Begin PBXProject section */
		8CEB35CA1F90588000A8E447 /* Project object */ = {
			isa = PBXProject;
			attributes = {
				LastUpgradeCheck = 0900;
				ORGANIZATIONNAME = LittleBitch;
				TargetAttributes = {
					8CEB35D11F90588000A8E447 = {
						CreatedOnToolsVersion = 9.0;
						ProvisioningStyle = Automatic;
					};
					8CEB35E91F90588000A8E447 = {
						CreatedOnToolsVersion = 9.0;
						ProvisioningStyle = Automatic;
						TestTargetID = 8CEB35D11F90588000A8E447;
					};
					8CEB35F41F90588000A8E447 = {
						CreatedOnToolsVersion = 9.0;
						ProvisioningStyle = Automatic;
						TestTargetID = 8CEB35D11F90588000A8E447;
					};
				};
			};
			buildConfigurationList = 8CEB35CD1F90588000A8E447 /* Build configuration list for PBXProject "LBPreviewImageDemo" */;
			compatibilityVersion = "Xcode 8.0";
			developmentRegion = en;
			hasScannedForEncodings = 0;
			knownRegions = (
				en,
				Base,
			);
			mainGroup = 8CEB35C91F90588000A8E447;
			productRefGroup = 8CEB35D31F90588000A8E447 /* Products */;
			projectDirPath = "";
			projectRoot = "";
			targets = (
				8CEB35D11F90588000A8E447 /* LBPreviewImageDemo */,
				8CEB35E91F90588000A8E447 /* LBPreviewImageDemoTests */,
				8CEB35F41F90588000A8E447 /* LBPreviewImageDemoUITests */,
			);
		};
/* End PBXProject section */

/* Begin PBXResourcesBuildPhase section */
		8CEB35D01F90588000A8E447 /* Resources */ = {
			isa = PBXResourcesBuildPhase;
			buildActionMask = 2147483647;
			files = (
				8CEB36131F906AAC00A8E447 /* 刘楚恬3.jpg in Resources */,
				8CEB35E21F90588000A8E447 /* LaunchScreen.storyboard in Resources */,
				8CEB35DF1F90588000A8E447 /* Assets.xcassets in Resources */,
			);
			runOnlyForDeploymentPostprocessing = 0;
		};
		8CEB35E81F90588000A8E447 /* Resources */ = {
			isa = PBXResourcesBuildPhase;
			buildActionMask = 2147483647;
			files = (
			);
			runOnlyForDeploymentPostprocessing = 0;
		};
		8CEB35F31F90588000A8E447 /* Resources */ = {
			isa = PBXResourcesBuildPhase;
			buildActionMask = 2147483647;
			files = (
			);
			runOnlyForDeploymentPostprocessing = 0;
		};
/* End PBXResourcesBuildPhase section */

/* Begin PBXSourcesBuildPhase section */
		8CEB35CE1F90588000A8E447 /* Sources */ = {
			isa = PBXSourcesBuildPhase;
			buildActionMask = 2147483647;
			files = (
				8CEB360B1F9065B800A8E447 /* PreviewImageViewController.m in Sources */,
				8CEB35E51F90588000A8E447 /* main.m in Sources */,
				8CEB36161F906D1900A8E447 /* DemoViewController.m in Sources */,
				8CEB36111F9067CD00A8E447 /* UIView+Category.m in Sources */,
				8CEB35D71F90588000A8E447 /* AppDelegate.m in Sources */,
			);
			runOnlyForDeploymentPostprocessing = 0;
		};
		8CEB35E61F90588000A8E447 /* Sources */ = {
			isa = PBXSourcesBuildPhase;
			buildActionMask = 2147483647;
			files = (
				8CEB35EF1F90588000A8E447 /* LBPreviewImageDemoTests.m in Sources */,
			);
			runOnlyForDeploymentPostprocessing = 0;
		};
		8CEB35F11F90588000A8E447 /* Sources */ = {
			isa = PBXSourcesBuildPhase;
			buildActionMask = 2147483647;
			files = (
				8CEB35FA1F90588000A8E447 /* LBPreviewImageDemoUITests.m in Sources */,
			);
			runOnlyForDeploymentPostprocessing = 0;
		};
/* End PBXSourcesBuildPhase section */

/* Begin PBXTargetDependency section */
		8CEB35EC1F90588000A8E447 /* PBXTargetDependency */ = {
			isa = PBXTargetDependency;
			target = 8CEB35D11F90588000A8E447 /* LBPreviewImageDemo */;
			targetProxy = 8CEB35EB1F90588000A8E447 /* PBXContainerItemProxy */;
		};
		8CEB35F71F90588000A8E447 /* PBXTargetDependency */ = {
			isa = PBXTargetDependency;
			target = 8CEB35D11F90588000A8E447 /* LBPreviewImageDemo */;
			targetProxy = 8CEB35F61F90588000A8E447 /* PBXContainerItemProxy */;
		};
/* End PBXTargetDependency section */

/* Begin PBXVariantGroup section */
		8CEB35E01F90588000A8E447 /* LaunchScreen.storyboard */ = {
			isa = PBXVariantGroup;
			children = (
				8CEB35E11F90588000A8E447 /* Base */,
			);
			name = LaunchScreen.storyboard;
			sourceTree = "<group>";
		};
/* End PBXVariantGroup section */

/* Begin XCBuildConfiguration section */
		8CEB35FC1F90588000A8E447 /* Debug */ = {
			isa = XCBuildConfiguration;
			buildSettings = {
				ALWAYS_SEARCH_USER_PATHS = NO;
				CLANG_ANALYZER_NONNULL = YES;
				CLANG_ANALYZER_NUMBER_OBJECT_CONVERSION = YES_AGGRESSIVE;
				CLANG_CXX_LANGUAGE_STANDARD = "gnu++14";
				CLANG_CXX_LIBRARY = "libc++";
				CLANG_ENABLE_MODULES = YES;
				CLANG_ENABLE_OBJC_ARC = YES;
				CLANG_WARN_BLOCK_CAPTURE_AUTORELEASING = YES;
				CLANG_WARN_BOOL_CONVERSION = YES;
				CLANG_WARN_COMMA = YES;
				CLANG_WARN_CONSTANT_CONVERSION = YES;
				CLANG_WARN_DIRECT_OBJC_ISA_USAGE = YES_ERROR;
				CLANG_WARN_DOCUMENTATION_COMMENTS = YES;
				CLANG_WARN_EMPTY_BODY = YES;
				CLANG_WARN_ENUM_CONVERSION = YES;
				CLANG_WARN_INFINITE_RECURSION = YES;
				CLANG_WARN_INT_CONVERSION = YES;
				CLANG_WARN_NON_LITERAL_NULL_CONVERSION = YES;
				CLANG_WARN_OBJC_LITERAL_CONVERSION = YES;
				CLANG_WARN_OBJC_ROOT_CLASS = YES_ERROR;
				CLANG_WARN_RANGE_LOOP_ANALYSIS = YES;
				CLANG_WARN_STRICT_PROTOTYPES = YES;
				CLANG_WARN_SUSPICIOUS_MOVE = YES;
				CLANG_WARN_UNGUARDED_AVAILABILITY = YES_AGGRESSIVE;
				CLANG_WARN_UNREACHABLE_CODE = YES;
				CLANG_WARN__DUPLICATE_METHOD_MATCH = YES;
				CODE_SIGN_IDENTITY = "iPhone Developer";
				COPY_PHASE_STRIP = NO;
				DEBUG_INFORMATION_FORMAT = dwarf;
				ENABLE_STRICT_OBJC_MSGSEND = YES;
				ENABLE_TESTABILITY = YES;
				GCC_C_LANGUAGE_STANDARD = gnu11;
				GCC_DYNAMIC_NO_PIC = NO;
				GCC_NO_COMMON_BLOCKS = YES;
				GCC_OPTIMIZATION_LEVEL = 0;
				GCC_PREPROCESSOR_DEFINITIONS = (
					"DEBUG=1",
					"$(inherited)",
				);
				GCC_WARN_64_TO_32_BIT_CONVERSION = YES;
				GCC_WARN_ABOUT_RETURN_TYPE = YES_ERROR;
				GCC_WARN_UNDECLARED_SELECTOR = YES;
				GCC_WARN_UNINITIALIZED_AUTOS = YES_AGGRESSIVE;
				GCC_WARN_UNUSED_FUNCTION = YES;
				GCC_WARN_UNUSED_VARIABLE = YES;
				IPHONEOS_DEPLOYMENT_TARGET = 11.0;
				MTL_ENABLE_DEBUG_INFO = YES;
				ONLY_ACTIVE_ARCH = YES;
				SDKROOT = iphoneos;
			};
			name = Debug;
		};
		8CEB35FD1F90588000A8E447 /* Release */ = {
			isa = XCBuildConfiguration;
			buildSettings = {
				ALWAYS_SEARCH_USER_PATHS = NO;
				CLANG_ANALYZER_NONNULL = YES;
				CLANG_ANALYZER_NUMBER_OBJECT_CONVERSION = YES_AGGRESSIVE;
				CLANG_CXX_LANGUAGE_STANDARD = "gnu++14";
				CLANG_CXX_LIBRARY = "libc++";
				CLANG_ENABLE_MODULES = YES;
				CLANG_ENABLE_OBJC_ARC = YES;
				CLANG_WARN_BLOCK_CAPTURE_AUTORELEASING = YES;
				CLANG_WARN_BOOL_CONVERSION = YES;
				CLANG_WARN_COMMA = YES;
				CLANG_WARN_CONSTANT_CONVERSION = YES;
				CLANG_WARN_DIRECT_OBJC_ISA_USAGE = YES_ERROR;
				CLANG_WARN_DOCUMENTATION_COMMENTS = YES;
				CLANG_WARN_EMPTY_BODY = YES;
				CLANG_WARN_ENUM_CONVERSION = YES;
				CLANG_WARN_INFINITE_RECURSION = YES;
				CLANG_WARN_INT_CONVERSION = YES;
				CLANG_WARN_NON_LITERAL_NULL_CONVERSION = YES;
				CLANG_WARN_OBJC_LITERAL_CONVERSION = YES;
				CLANG_WARN_OBJC_ROOT_CLASS = YES_ERROR;
				CLANG_WARN_RANGE_LOOP_ANALYSIS = YES;
				CLANG_WARN_STRICT_PROTOTYPES = YES;
				CLANG_WARN_SUSPICIOUS_MOVE = YES;
				CLANG_WARN_UNGUARDED_AVAILABILITY = YES_AGGRESSIVE;
				CLANG_WARN_UNREACHABLE_CODE = YES;
				CLANG_WARN__DUPLICATE_METHOD_MATCH = YES;
				CODE_SIGN_IDENTITY = "iPhone Developer";
				COPY_PHASE_STRIP = NO;
				DEBUG_INFORMATION_FORMAT = "dwarf-with-dsym";
				ENABLE_NS_ASSERTIONS = NO;
				ENABLE_STRICT_OBJC_MSGSEND = YES;
				GCC_C_LANGUAGE_STANDARD = gnu11;
				GCC_NO_COMMON_BLOCKS = YES;
				GCC_WARN_64_TO_32_BIT_CONVERSION = YES;
				GCC_WARN_ABOUT_RETURN_TYPE = YES_ERROR;
				GCC_WARN_UNDECLARED_SELECTOR = YES;
				GCC_WARN_UNINITIALIZED_AUTOS = YES_AGGRESSIVE;
				GCC_WARN_UNUSED_FUNCTION = YES;
				GCC_WARN_UNUSED_VARIABLE = YES;
				IPHONEOS_DEPLOYMENT_TARGET = 11.0;
				MTL_ENABLE_DEBUG_INFO = NO;
				SDKROOT = iphoneos;
				VALIDATE_PRODUCT = YES;
			};
			name = Release;
		};
		8CEB35FF1F90588000A8E447 /* Debug */ = {
			isa = XCBuildConfiguration;
			buildSettings = {
				ASSETCATALOG_COMPILER_APPICON_NAME = AppIcon;
				CODE_SIGN_STYLE = Automatic;
				INFOPLIST_FILE = LBPreviewImageDemo/Info.plist;
				LD_RUNPATH_SEARCH_PATHS = "$(inherited) @executable_path/Frameworks";
				PRODUCT_BUNDLE_IDENTIFIER = cn.com.Wubing.LBPreviewImageDemo;
				PRODUCT_NAME = "$(TARGET_NAME)";
				TARGETED_DEVICE_FAMILY = "1,2";
			};
			name = Debug;
		};
		8CEB36001F90588000A8E447 /* Release */ = {
			isa = XCBuildConfiguration;
			buildSettings = {
				ASSETCATALOG_COMPILER_APPICON_NAME = AppIcon;
				CODE_SIGN_STYLE = Automatic;
				INFOPLIST_FILE = LBPreviewImageDemo/Info.plist;
				LD_RUNPATH_SEARCH_PATHS = "$(inherited) @executable_path/Frameworks";
				PRODUCT_BUNDLE_IDENTIFIER = cn.com.Wubing.LBPreviewImageDemo;
				PRODUCT_NAME = "$(TARGET_NAME)";
				TARGETED_DEVICE_FAMILY = "1,2";
			};
			name = Release;
		};
		8CEB36021F90588000A8E447 /* Debug */ = {
			isa = XCBuildConfiguration;
			buildSettings = {
				BUNDLE_LOADER = "$(TEST_HOST)";
				CODE_SIGN_STYLE = Automatic;
				INFOPLIST_FILE = LBPreviewImageDemoTests/Info.plist;
				LD_RUNPATH_SEARCH_PATHS = "$(inherited) @executable_path/Frameworks @loader_path/Frameworks";
				PRODUCT_BUNDLE_IDENTIFIER = cn.com.Wubing.LBPreviewImageDemoTests;
				PRODUCT_NAME = "$(TARGET_NAME)";
				TARGETED_DEVICE_FAMILY = "1,2";
				TEST_HOST = "$(BUILT_PRODUCTS_DIR)/LBPreviewImageDemo.app/LBPreviewImageDemo";
			};
			name = Debug;
		};
		8CEB36031F90588000A8E447 /* Release */ = {
			isa = XCBuildConfiguration;
			buildSettings = {
				BUNDLE_LOADER = "$(TEST_HOST)";
				CODE_SIGN_STYLE = Automatic;
				INFOPLIST_FILE = LBPreviewImageDemoTests/Info.plist;
				LD_RUNPATH_SEARCH_PATHS = "$(inherited) @executable_path/Frameworks @loader_path/Frameworks";
				PRODUCT_BUNDLE_IDENTIFIER = cn.com.Wubing.LBPreviewImageDemoTests;
				PRODUCT_NAME = "$(TARGET_NAME)";
				TARGETED_DEVICE_FAMILY = "1,2";
				TEST_HOST = "$(BUILT_PRODUCTS_DIR)/LBPreviewImageDemo.app/LBPreviewImageDemo";
			};
			name = Release;
		};
		8CEB36051F90588000A8E447 /* Debug */ = {
			isa = XCBuildConfiguration;
			buildSettings = {
				CODE_SIGN_STYLE = Automatic;
				INFOPLIST_FILE = LBPreviewImageDemoUITests/Info.plist;
				LD_RUNPATH_SEARCH_PATHS = "$(inherited) @executable_path/Frameworks @loader_path/Frameworks";
				PRODUCT_BUNDLE_IDENTIFIER = cn.com.Wubing.LBPreviewImageDemoUITests;
				PRODUCT_NAME = "$(TARGET_NAME)";
				TARGETED_DEVICE_FAMILY = "1,2";
				TEST_TARGET_NAME = LBPreviewImageDemo;
			};
			name = Debug;
		};
		8CEB36061F90588000A8E447 /* Release */ = {
			isa = XCBuildConfiguration;
			buildSettings = {
				CODE_SIGN_STYLE = Automatic;
				INFOPLIST_FILE = LBPreviewImageDemoUITests/Info.plist;
				LD_RUNPATH_SEARCH_PATHS = "$(inherited) @executable_path/Frameworks @loader_path/Frameworks";
				PRODUCT_BUNDLE_IDENTIFIER = cn.com.Wubing.LBPreviewImageDemoUITests;
				PRODUCT_NAME = "$(TARGET_NAME)";
				TARGETED_DEVICE_FAMILY = "1,2";
				TEST_TARGET_NAME = LBPreviewImageDemo;
			};
			name = Release;
		};
/* End XCBuildConfiguration section */

/* Begin XCConfigurationList section */
		8CEB35CD1F90588000A8E447 /* Build configuration list for PBXProject "LBPreviewImageDemo" */ = {
			isa = XCConfigurationList;
			buildConfigurations = (
				8CEB35FC1F90588000A8E447 /* Debug */,
				8CEB35FD1F90588000A8E447 /* Release */,
			);
			defaultConfigurationIsVisible = 0;
			defaultConfigurationName = Release;
		};
		8CEB35FE1F90588000A8E447 /* Build configuration list for PBXNativeTarget "LBPreviewImageDemo" */ = {
			isa = XCConfigurationList;
			buildConfigurations = (
				8CEB35FF1F90588000A8E447 /* Debug */,
				8CEB36001F90588000A8E447 /* Release */,
			);
			defaultConfigurationIsVisible = 0;
			defaultConfigurationName = Release;
		};
		8CEB36011F90588000A8E447 /* Build configuration list for PBXNativeTarget "LBPreviewImageDemoTests" */ = {
			isa = XCConfigurationList;
			buildConfigurations = (
				8CEB36021F90588000A8E447 /* Debug */,
				8CEB36031F90588000A8E447 /* Release */,
			);
			defaultConfigurationIsVisible = 0;
			defaultConfigurationName = Release;
		};
		8CEB36041F90588000A8E447 /* Build configuration list for PBXNativeTarget "LBPreviewImageDemoUITests" */ = {
			isa = XCConfigurationList;
			buildConfigurations = (
				8CEB36051F90588000A8E447 /* Debug */,
				8CEB36061F90588000A8E447 /* Release */,
			);
			defaultConfigurationIsVisible = 0;
			defaultConfigurationName = Release;
		};
/* End XCConfigurationList section */
	};
	rootObject = 8CEB35CA1F90588000A8E447 /* Project object */;
}
